
Microsoft Visual Studio Solution File, Format Version 12.00
# Visual Studio Version 17
VisualStudioVersion = 17.3.32825.248
MinimumVisualStudioVersion = 10.0.40219.1
Project("{9A19103F-16F7-4668-BE54-9A1E7A4F7556}") = "MA.API", "MA.API\MA.API.csproj", "{E11C2503-EE5C-44ED-B9AF-63B067A85120}"
EndProject
Project("{FAE04EC0-301F-11D3-BF4B-00C04F79EFBC}") = "MA.Helper", "MA.Helper\MA.Helper.csproj", "{622C0A96-43F4-499F-ABB5-23972EE7E054}"
EndProject
Global
	GlobalSection(SolutionConfigurationPlatforms) = preSolution
		Debug|Any CPU = Debug|Any CPU
		Release|Any CPU = Release|Any CPU
	EndGlobalSection
	GlobalSection(ProjectConfigurationPlatforms) = postSolution
		{E11C2503-EE5C-44ED-B9AF-63B067A85120}.Debug|Any CPU.ActiveCfg = Debug|Any CPU
		{E11C2503-EE5C-44ED-B9AF-63B067A85120}.Debug|Any CPU.Build.0 = Debug|Any CPU
		{E11C2503-EE5C-44ED-B9AF-63B067A85120}.Release|Any CPU.ActiveCfg = Release|Any CPU
		{E11C2503-EE5C-44ED-B9AF-63B067A85120}.Release|Any CPU.Build.0 = Release|Any CPU
		{622C0A96-43F4-499F-ABB5-23972EE7E054}.Debug|Any CPU.ActiveCfg = Debug|Any CPU
		{622C0A96-43F4-499F-ABB5-23972EE7E054}.Debug|Any CPU.Build.0 = Debug|Any CPU
		{622C0A96-43F4-499F-ABB5-23972EE7E054}.Release|Any CPU.ActiveCfg = Release|Any CPU
		{622C0A96-43F4-499F-ABB5-23972EE7E054}.Release|Any CPU.Build.0 = Release|Any CPU
	EndGlobalSection
	GlobalSection(SolutionProperties) = preSolution
		HideSolutionNode = FALSE
	EndGlobalSection
	GlobalSection(ExtensibilityGlobals) = postSolution
		SolutionGuid = {370DD421-A0F5-423A-A57F-EF173A4A250D}
	EndGlobalSection
EndGlobal
